# This file is automatically @generated by Poetry 1.8.5 and should not be changed by hand.

[[package]]
name = "pybind11"
version = "3.0.1"
description = "Seamless operability between C++11 and Python"
optional = false
python-versions = ">=3.8"
files = [
    {file = "pybind11-3.0.1-py3-none-any.whl", hash = "sha256:aa8f0aa6e0a94d3b64adfc38f560f33f15e589be2175e103c0a33c6bce55ee89"},
    {file = "pybind11-3.0.1.tar.gz", hash = "sha256:9c0f40056a016da59bab516efb523089139fcc6f2ba7e4930854c61efb932051"},
]

[package.extras]
global = ["pybind11-global (==3.0.1)"]

[metadata]
lock-version = "2.0"
python-versions = "^3.12"
content-hash = "23ef96697930f08f2d87240ebb878a7bd27a98acc02983a1e6dbac0cdfe4f61b"
